{
  "version": 2,
  "dependencies": {
    "net9.0": {
      "Microsoft.ApplicationInsights": {
        "type": "Direct",
        "requested": "[2.23.0, )",
        "resolved": "2.23.0",
        "contentHash": "nWArUZTdU7iqZLycLKWe0TDms48KKGE6pONH2terYNa8REXiqixrMOkf1sk5DHGMaUTqONU2YkS4SAXBhLStgw==",
        "dependencies": {
          "System.Diagnostics.DiagnosticSource": "5.0.0"
        }
      },
      "Microsoft.NET.Test.Sdk": {
        "type": "Direct",
        "requested": "[17.13.0, )",
        "resolved": "17.13.0",
        "contentHash": "W19wCPizaIC9Zh47w8wWI/yxuqR7/dtABwOrc8r2jX/8mUNxM2vw4fXDh+DJTeogxV+KzKwg5jNNGQVwf3LXyA==",
        "dependencies": {
          "Microsoft.CodeCoverage": "17.13.0",
          "Microsoft.TestPlatform.TestHost": "17.13.0"
        }
      },
      "xunit.runner.visualstudio": {
        "type": "Direct",
        "requested": "[3.0.2, )",
        "resolved": "3.0.2",
        "contentHash": "oXbusR6iPq0xlqoikjdLvzh+wQDkMv9If58myz9MEzldS4nIcp442Btgs2sWbYWV+caEluMe2pQCZ0hUZgPiow=="
      },
      "xunit.v3": {
        "type": "Direct",
        "requested": "[2.0.1, )",
        "resolved": "2.0.1",
        "contentHash": "aZd9scfbb2bq8i2d9LDh8A/R1DZX/M4eASfxuL3RZUHw/5VaHi8+sb9jPODVPTA/hYRsCu+2DsEOLI2AQJCrhw==",
        "dependencies": {
          "xunit.analyzers": "1.21.0",
          "xunit.v3.assert": "[2.0.1]",
          "xunit.v3.core": "[2.0.1]"
        }
      },
      "BouncyCastle.Cryptography": {
        "type": "Transitive",
        "resolved": "2.4.0",
        "contentHash": "SwXsAV3sMvAU/Nn31pbjhWurYSjJ+/giI/0n6tCrYoupEK34iIHCuk3STAd9fx8yudM85KkLSVdn951vTng/vQ=="
      },
      "Docker.DotNet.Enhanced": {
        "type": "Transitive",
        "resolved": "3.126.1",
        "contentHash": "UPyLBLBaVE3s7OCWM0h5g9w6mUOag5sOIP5CldFQekIWo/gHixgZR+o5fG7eCFH4ZdKlvBGM4ALFuOyPoKoJ3A=="
      },
      "Docker.DotNet.Enhanced.X509": {
        "type": "Transitive",
        "resolved": "3.126.1",
        "contentHash": "XFHMC/iWHbloQgg9apZrxu010DmSamaAggu8nomCqTeotGyUGkv2Tt/aqk1ljC/4tjtTrb9LtFQwYpwZbMbiKg==",
        "dependencies": {
          "Docker.DotNet.Enhanced": "3.126.1"
        }
      },
      "Microsoft.Bcl.AsyncInterfaces": {
        "type": "Transitive",
        "resolved": "6.0.0",
        "contentHash": "UcSjPsst+DfAdJGVDsu346FX0ci0ah+lw3WRtn18NUwEqRt70HaOQ7lI72vy3+1LxtqI3T5GWwV39rQSrCzAeg=="
      },
      "Microsoft.CodeCoverage": {
        "type": "Transitive",
        "resolved": "17.13.0",
        "contentHash": "9LIUy0y+DvUmEPtbRDw6Bay3rzwqFV8P4efTrK4CZhQle3M/QwLPjISghfcolmEGAPWxuJi6m98ZEfk4VR4Lfg=="
      },
      "Microsoft.Extensions.DependencyInjection.Abstractions": {
        "type": "Transitive",
        "resolved": "8.0.2",
        "contentHash": "3iE7UF7MQkCv1cxzCahz+Y/guQbTqieyxyaWKhrRO91itI9cOKO76OHeQDahqG4MmW5umr3CcCvGmK92lWNlbg=="
      },
      "Microsoft.Extensions.Logging.Abstractions": {
        "type": "Transitive",
        "resolved": "8.0.3",
        "contentHash": "dL0QGToTxggRLMYY4ZYX5AMwBb+byQBd/5dMiZE07Nv73o6I5Are3C7eQTh7K2+A4ct0PVISSr7TZANbiNb2yQ==",
        "dependencies": {
          "Microsoft.Extensions.DependencyInjection.Abstractions": "8.0.2"
        }
      },
      "Microsoft.Testing.Extensions.TrxReport.Abstractions": {
        "type": "Transitive",
        "resolved": "1.6.3",
        "contentHash": "0MdowM+3IDVWE5VBzVe9NvxsE4caSbM3fO+jlWVzEBr/Vnc3BWx+uV/Ex0dLLpkxkeUKH2gGWTNLb39rw3DDqw==",
        "dependencies": {
          "Microsoft.Testing.Platform": "1.6.3"
        }
      },
      "Microsoft.Testing.Platform": {
        "type": "Transitive",
        "resolved": "1.6.3",
        "contentHash": "DqMZukaPo+vKzColfqd1I5qZebfISZT6ND70AOem/dYQmHsaMN0xg/JG7E0e80rwfxL7wAA4ylSg8j6KJf1Tuw=="
      },
      "Microsoft.Testing.Platform.MSBuild": {
        "type": "Transitive",
        "resolved": "1.6.3",
        "contentHash": "PXSYI5Iae29GM5636zOL8PlQD1YyOa9cfzfYLR43hrLjjK7RDJgMTvgAet3oZLgDTvz6pbzABZvhx+S/W5m8YA==",
        "dependencies": {
          "Microsoft.Testing.Platform": "1.6.3"
        }
      },
      "Microsoft.TestPlatform.ObjectModel": {
        "type": "Transitive",
        "resolved": "17.13.0",
        "contentHash": "bt0E0Dx+iqW97o4A59RCmUmz/5NarJ7LRL+jXbSHod72ibL5XdNm1Ke+UO5tFhBG4VwHLcSjqq9BUSblGNWamw==",
        "dependencies": {
          "System.Reflection.Metadata": "1.6.0"
        }
      },
      "Microsoft.TestPlatform.TestHost": {
        "type": "Transitive",
        "resolved": "17.13.0",
        "contentHash": "9GGw08Dc3AXspjekdyTdZ/wYWFlxbgcF0s7BKxzVX+hzAwpifDOdxM+ceVaaJSQOwqt3jtuNlHn3XTpKUS9x9Q==",
        "dependencies": {
          "Microsoft.TestPlatform.ObjectModel": "17.13.0",
          "Newtonsoft.Json": "13.0.1"
        }
      },
      "Newtonsoft.Json": {
        "type": "Transitive",
        "resolved": "13.0.1",
        "contentHash": "ppPFpBcvxdsfUonNcvITKqLl3bqxWbDCZIzDWHzjpdAHRFfZe0Dw9HmA0+za13IdyrgJwpkDTDA9fHaxOrt20A=="
      },
      "SharpZipLib": {
        "type": "Transitive",
        "resolved": "1.4.2",
        "contentHash": "yjj+3zgz8zgXpiiC3ZdF/iyTBbz2fFvMxZFEBPUcwZjIvXOf37Ylm+K58hqMfIBt5JgU/Z2uoUS67JmTLe973A=="
      },
      "SSH.NET": {
        "type": "Transitive",
        "resolved": "2024.2.0",
        "contentHash": "9r+4UF2P51lTztpd+H7SJywk7WgmlWB//Cm2o96c6uGVZU5r58ys2/cD9pCgTk0zCdSkfflWL1WtqQ9I4IVO9Q==",
        "dependencies": {
          "BouncyCastle.Cryptography": "2.4.0"
        }
      },
      "System.Diagnostics.DiagnosticSource": {
        "type": "Transitive",
        "resolved": "5.0.0",
        "contentHash": "tCQTzPsGZh/A9LhhA6zrqCRV4hOHsK90/G7q3Khxmn6tnB1PuNU0cRaKANP2AWcF9bn0zsuOoZOSrHuJk6oNBA=="
      },
      "System.Reflection.Metadata": {
        "type": "Transitive",
        "resolved": "1.6.0",
        "contentHash": "COC1aiAJjCoA5GBF+QKL2uLqEBew4JsCkQmoHKbN3TlOZKa2fKLz5CpiRQKDz0RsAOEGsVKqOD5bomsXq/4STQ=="
      },
      "xunit.analyzers": {
        "type": "Transitive",
        "resolved": "1.21.0",
        "contentHash": "2KvcXvsqZQnwQmdEJC4BGXCsllgMtfbhlnY7MlDu5ZsKLWDEnYT5PNqGLiQQnxQYqwkOyTPAbrCwUyI9ZfJ2fg=="
      },
      "xunit.v3.assert": {
        "type": "Transitive",
        "resolved": "2.0.1",
        "contentHash": "kRHFGQx8InD5VhLxUVGoNLQ+zieMHGRcqIoybggCqWJJR/YQVo/BbfVq2tlxuC/D6Fh7hciDQQtuiz0qxbkHLg=="
      },
      "xunit.v3.common": {
        "type": "Transitive",
        "resolved": "2.0.1",
        "contentHash": "yAiB2YncUZ9NTzaByPElXFXZLnmksy5H9ufNqV1vAWRBWVohBnM7pwVcJG86nI7ZYnCJAulEqSTlw6O+JaXi5A==",
        "dependencies": {
          "Microsoft.Bcl.AsyncInterfaces": "6.0.0"
        }
      },
      "xunit.v3.core": {
        "type": "Transitive",
        "resolved": "2.0.1",
        "contentHash": "CtLhyvFOMvd+OG83GoYXOAtlImg9kVG0mC0Oz520BG8UkRLXXrHxQH8o4VG97FTNouCQV5luejUc2S6F3Plgsg==",
        "dependencies": {
          "Microsoft.Testing.Platform.MSBuild": "1.6.3",
          "xunit.v3.extensibility.core": "[2.0.1]",
          "xunit.v3.runner.inproc.console": "[2.0.1]"
        }
      },
      "xunit.v3.extensibility.core": {
        "type": "Transitive",
        "resolved": "2.0.1",
        "contentHash": "bSJU4PidfMf9qnLzEozplpy2BrZcj+lZshuUtzuT2Itq4h7RuanldGkz/ybYTI7jThXiUUkSytnCT3+D5h1yrA==",
        "dependencies": {
          "xunit.v3.common": "[2.0.1]"
        }
      },
      "xunit.v3.runner.common": {
        "type": "Transitive",
        "resolved": "2.0.1",
        "contentHash": "XhHprIUiDH1gHdlbHz2Dd2FIiooo82wkzOe+llaw+rIHij4G/vSDxLUTvhSUX6ZpbeHc1i3oEc2DahCFKidwzQ==",
        "dependencies": {
          "xunit.v3.common": "[2.0.1]"
        }
      },
      "xunit.v3.runner.inproc.console": {
        "type": "Transitive",
        "resolved": "2.0.1",
        "contentHash": "MBk3QekEbnlueTQVfNzXbrDXRSPFUsqBppSHPmkZpcJai06bbv6CAHUZciOjxUj5Y0F2MKhdc5XSiu0bwZUrfA==",
        "dependencies": {
          "Microsoft.Testing.Extensions.TrxReport.Abstractions": "1.6.3",
          "Microsoft.Testing.Platform": "1.6.3",
          "xunit.v3.extensibility.core": "[2.0.1]",
          "xunit.v3.runner.common": "[2.0.1]"
        }
      },
      "hangy.testcontainers.azureapplicationinsights": {
        "type": "Project",
        "dependencies": {
          "Testcontainers": "[4.4.0, )"
        }
      },
      "Testcontainers": {
        "type": "CentralTransitive",
        "requested": "[4.4.0, )",
        "resolved": "4.4.0",
        "contentHash": "P4+fXNjMtLW1CRjBQ3SUQWxz98mio+79OL6B+4DmzMaafW1rEVZ/eFHFG9TrxMWeg+cgftkzV7oPcGNZQ12Q9w==",
        "dependencies": {
          "Docker.DotNet.Enhanced": "3.126.1",
          "Docker.DotNet.Enhanced.X509": "3.126.1",
          "Microsoft.Extensions.Logging.Abstractions": "8.0.3",
          "SSH.NET": "2024.2.0",
          "SharpZipLib": "1.4.2"
        }
      }
    },
    "net9.0/linux-arm": {},
    "net9.0/linux-arm64": {},
    "net9.0/linux-x64": {}
  }
}